
Microsoft Visual Studio Solution File, Format Version 12.00
# Visual Studio 14
VisualStudioVersion = 14.0.22823.1
MinimumVisualStudioVersion = 10.0.40219.1
Project("{BE0A4C86-FC82-4F70-8ED6-D24C8B13E7BF}") = "BinCalc", "BinCalc\BinCalc.javaproj", "{63E343D8-3213-451C-88B6-00B58E7EBB2D}"
EndProject
Global
	GlobalSection(SolutionConfigurationPlatforms) = preSolution
		Debug|Any CPU = Debug|Any CPU
		Release|Any CPU = Release|Any CPU
	EndGlobalSection
	GlobalSection(ProjectConfigurationPlatforms) = postSolution
		{63E343D8-3213-451C-88B6-00B58E7EBB2D}.Debug|Any CPU.ActiveCfg = Debug|Any CPU
		{63E343D8-3213-451C-88B6-00B58E7EBB2D}.Debug|Any CPU.Build.0 = Debug|Any CPU
		{63E343D8-3213-451C-88B6-00B58E7EBB2D}.Release|Any CPU.ActiveCfg = Release|Any CPU
		{63E343D8-3213-451C-88B6-00B58E7EBB2D}.Release|Any CPU.Build.0 = Release|Any CPU
	EndGlobalSection
	GlobalSection(SolutionProperties) = preSolution
		HideSolutionNode = FALSE
	EndGlobalSection
EndGlobal
